
Microsoft Visual Studio Solution File, Format Version 12.00
# Visual Studio Version 17
VisualStudioVersion = 17.3.32825.248
MinimumVisualStudioVersion = 10.0.40219.1
Project("{9A19103F-16F7-4668-BE54-9A1E7A4F7556}") = "Menu", "Menu\Menu.csproj", "{C4ECC832-7A35-4C97-9B76-23152AF9C67A}"
EndProject
Project("{9A19103F-16F7-4668-BE54-9A1E7A4F7556}") = "Tetris", "Tetris\Tetris.csproj", "{2EAE0E49-8478-450D-9073-029C2DCEB4E4}"
EndProject
Global
	GlobalSection(SolutionConfigurationPlatforms) = preSolution
		Debug|Any CPU = Debug|Any CPU
		Release|Any CPU = Release|Any CPU
	EndGlobalSection
	GlobalSection(ProjectConfigurationPlatforms) = postSolution
		{C4ECC832-7A35-4C97-9B76-23152AF9C67A}.Debug|Any CPU.ActiveCfg = Debug|Any CPU
		{C4ECC832-7A35-4C97-9B76-23152AF9C67A}.Debug|Any CPU.Build.0 = Debug|Any CPU
		{C4ECC832-7A35-4C97-9B76-23152AF9C67A}.Release|Any CPU.ActiveCfg = Release|Any CPU
		{C4ECC832-7A35-4C97-9B76-23152AF9C67A}.Release|Any CPU.Build.0 = Release|Any CPU
		{2EAE0E49-8478-450D-9073-029C2DCEB4E4}.Debug|Any CPU.ActiveCfg = Debug|Any CPU
		{2EAE0E49-8478-450D-9073-029C2DCEB4E4}.Debug|Any CPU.Build.0 = Debug|Any CPU
		{2EAE0E49-8478-450D-9073-029C2DCEB4E4}.Release|Any CPU.ActiveCfg = Release|Any CPU
		{2EAE0E49-8478-450D-9073-029C2DCEB4E4}.Release|Any CPU.Build.0 = Release|Any CPU
	EndGlobalSection
	GlobalSection(SolutionProperties) = preSolution
		HideSolutionNode = FALSE
	EndGlobalSection
	GlobalSection(ExtensibilityGlobals) = postSolution
		SolutionGuid = {C53F490A-4A33-49B7-92BF-700CAF9093E1}
	EndGlobalSection
EndGlobal
